# THIS IS AN AUTOGENERATED FILE. DO NOT EDIT THIS FILE DIRECTLY.
# yarn lockfile v1


bun-types@^0.5.7:
  version "0.5.7"
  resolved "https://registry.yarnpkg.com/bun-types/-/bun-types-0.5.7.tgz#331d5b8b495540bf7eac1c4727c5fe8dd1f1f5dd"
  integrity sha512-79ualR6PIZYTbALgsUxZXlAhkz0M7h7QMsXWn/eX+VOOCX3bPA9y0Pywu4MUEWOK8cK/JhnAODMqZfhCb911nw==
